
Microsoft Visual Studio Solution File, Format Version 12.00
# Visual Studio Version 16
VisualStudioVersion = 16.0.30804.86
MinimumVisualStudioVersion = 10.0.40219.1
Project("{9A19103F-16F7-4668-BE54-9A1E7A4F7556}") = "KampIntro", "KampIntro\KampIntro.csproj", "{4F8F1F96-F425-4205-9076-11A414FE2061}"
EndProject
Project("{9A19103F-16F7-4668-BE54-9A1E7A4F7556}") = "Donguler", "Donguler\Donguler.csproj", "{380456AA-31E3-4FC1-8796-F53E1B5842D5}"
EndProject
Project("{9A19103F-16F7-4668-BE54-9A1E7A4F7556}") = "ClassIntro", "ClassIntro\ClassIntro.csproj", "{279B0AAB-09C1-4086-A26A-8F1F34A10B3B}"
EndProject
Project("{9A19103F-16F7-4668-BE54-9A1E7A4F7556}") = "ikincigunodevler", "ikincigunodevler\ikincigunodevler.csproj", "{B7460296-C492-42BE-AC65-ACBDFF5F320A}"
EndProject
Project("{9A19103F-16F7-4668-BE54-9A1E7A4F7556}") = "Metotlar", "Metotlar\Metotlar.csproj", "{D563BF65-70B2-48A5-8128-66FDC4B1E6E3}"
EndProject
Project("{9A19103F-16F7-4668-BE54-9A1E7A4F7556}") = "Matematik", "Matematik\Matematik.csproj", "{44BF3473-F616-4525-A577-0F10806984AD}"
EndProject
Project("{9A19103F-16F7-4668-BE54-9A1E7A4F7556}") = "DegerVeReferansTipler", "DegerVeReferansTipler\DegerVeReferansTipler.csproj", "{AFFDACF4-E2BF-4A0D-9FE1-94BD476272F4}"
EndProject
Project("{9A19103F-16F7-4668-BE54-9A1E7A4F7556}") = "ClassMetotDemo", "ClassMetotDemo\ClassMetotDemo.csproj", "{7F5E92F5-DF61-45B1-BCDE-68B9139CA5BE}"
EndProject
Project("{FAE04EC0-301F-11D3-BF4B-00C04F79EFBC}") = "OOP1", "OOP1\OOP1.csproj", "{42EAE72A-954D-41D9-B7E6-95FD275BCC36}"
EndProject
Project("{FAE04EC0-301F-11D3-BF4B-00C04F79EFBC}") = "Koleksiyonlar", "Koleksiyonlar\Koleksiyonlar.csproj", "{2AA1A16A-EDAE-4577-958E-D1D351462D10}"
EndProject
Project("{FAE04EC0-301F-11D3-BF4B-00C04F79EFBC}") = "GenericsIntro", "GenericsIntro\GenericsIntro.csproj", "{699D7F50-34C7-4C4F-8CF8-FBD9BCB28201}"
EndProject
Global
	GlobalSection(SolutionConfigurationPlatforms) = preSolution
		Debug|Any CPU = Debug|Any CPU
		Release|Any CPU = Release|Any CPU
	EndGlobalSection
	GlobalSection(ProjectConfigurationPlatforms) = postSolution
		{4F8F1F96-F425-4205-9076-11A414FE2061}.Debug|Any CPU.ActiveCfg = Debug|Any CPU
		{4F8F1F96-F425-4205-9076-11A414FE2061}.Debug|Any CPU.Build.0 = Debug|Any CPU
		{4F8F1F96-F425-4205-9076-11A414FE2061}.Release|Any CPU.ActiveCfg = Release|Any CPU
		{4F8F1F96-F425-4205-9076-11A414FE2061}.Release|Any CPU.Build.0 = Release|Any CPU
		{380456AA-31E3-4FC1-8796-F53E1B5842D5}.Debug|Any CPU.ActiveCfg = Debug|Any CPU
		{380456AA-31E3-4FC1-8796-F53E1B5842D5}.Debug|Any CPU.Build.0 = Debug|Any CPU
		{380456AA-31E3-4FC1-8796-F53E1B5842D5}.Release|Any CPU.ActiveCfg = Release|Any CPU
		{380456AA-31E3-4FC1-8796-F53E1B5842D5}.Release|Any CPU.Build.0 = Release|Any CPU
		{279B0AAB-09C1-4086-A26A-8F1F34A10B3B}.Debug|Any CPU.ActiveCfg = Debug|Any CPU
		{279B0AAB-09C1-4086-A26A-8F1F34A10B3B}.Debug|Any CPU.Build.0 = Debug|Any CPU
		{279B0AAB-09C1-4086-A26A-8F1F34A10B3B}.Release|Any CPU.ActiveCfg = Release|Any CPU
		{279B0AAB-09C1-4086-A26A-8F1F34A10B3B}.Release|Any CPU.Build.0 = Release|Any CPU
		{B7460296-C492-42BE-AC65-ACBDFF5F320A}.Debug|Any CPU.ActiveCfg = Debug|Any CPU
		{B7460296-C492-42BE-AC65-ACBDFF5F320A}.Debug|Any CPU.Build.0 = Debug|Any CPU
		{B7460296-C492-42BE-AC65-ACBDFF5F320A}.Release|Any CPU.ActiveCfg = Release|Any CPU
		{B7460296-C492-42BE-AC65-ACBDFF5F320A}.Release|Any CPU.Build.0 = Release|Any CPU
		{D563BF65-70B2-48A5-8128-66FDC4B1E6E3}.Debug|Any CPU.ActiveCfg = Debug|Any CPU
		{D563BF65-70B2-48A5-8128-66FDC4B1E6E3}.Debug|Any CPU.Build.0 = Debug|Any CPU
		{D563BF65-70B2-48A5-8128-66FDC4B1E6E3}.Release|Any CPU.ActiveCfg = Release|Any CPU
		{D563BF65-70B2-48A5-8128-66FDC4B1E6E3}.Release|Any CPU.Build.0 = Release|Any CPU
		{44BF3473-F616-4525-A577-0F10806984AD}.Debug|Any CPU.ActiveCfg = Debug|Any CPU
		{44BF3473-F616-4525-A577-0F10806984AD}.Debug|Any CPU.Build.0 = Debug|Any CPU
		{44BF3473-F616-4525-A577-0F10806984AD}.Release|Any CPU.ActiveCfg = Release|Any CPU
		{44BF3473-F616-4525-A577-0F10806984AD}.Release|Any CPU.Build.0 = Release|Any CPU
		{AFFDACF4-E2BF-4A0D-9FE1-94BD476272F4}.Debug|Any CPU.ActiveCfg = Debug|Any CPU
		{AFFDACF4-E2BF-4A0D-9FE1-94BD476272F4}.Debug|Any CPU.Build.0 = Debug|Any CPU
		{AFFDACF4-E2BF-4A0D-9FE1-94BD476272F4}.Release|Any CPU.ActiveCfg = Release|Any CPU
		{AFFDACF4-E2BF-4A0D-9FE1-94BD476272F4}.Release|Any CPU.Build.0 = Release|Any CPU
		{7F5E92F5-DF61-45B1-BCDE-68B9139CA5BE}.Debug|Any CPU.ActiveCfg = Debug|Any CPU
		{7F5E92F5-DF61-45B1-BCDE-68B9139CA5BE}.Debug|Any CPU.Build.0 = Debug|Any CPU
		{7F5E92F5-DF61-45B1-BCDE-68B9139CA5BE}.Release|Any CPU.ActiveCfg = Release|Any CPU
		{7F5E92F5-DF61-45B1-BCDE-68B9139CA5BE}.Release|Any CPU.Build.0 = Release|Any CPU
		{42EAE72A-954D-41D9-B7E6-95FD275BCC36}.Debug|Any CPU.ActiveCfg = Debug|Any CPU
		{42EAE72A-954D-41D9-B7E6-95FD275BCC36}.Debug|Any CPU.Build.0 = Debug|Any CPU
		{42EAE72A-954D-41D9-B7E6-95FD275BCC36}.Release|Any CPU.ActiveCfg = Release|Any CPU
		{42EAE72A-954D-41D9-B7E6-95FD275BCC36}.Release|Any CPU.Build.0 = Release|Any CPU
		{2AA1A16A-EDAE-4577-958E-D1D351462D10}.Debug|Any CPU.ActiveCfg = Debug|Any CPU
		{2AA1A16A-EDAE-4577-958E-D1D351462D10}.Debug|Any CPU.Build.0 = Debug|Any CPU
		{2AA1A16A-EDAE-4577-958E-D1D351462D10}.Release|Any CPU.ActiveCfg = Release|Any CPU
		{2AA1A16A-EDAE-4577-958E-D1D351462D10}.Release|Any CPU.Build.0 = Release|Any CPU
		{699D7F50-34C7-4C4F-8CF8-FBD9BCB28201}.Debug|Any CPU.ActiveCfg = Debug|Any CPU
		{699D7F50-34C7-4C4F-8CF8-FBD9BCB28201}.Debug|Any CPU.Build.0 = Debug|Any CPU
		{699D7F50-34C7-4C4F-8CF8-FBD9BCB28201}.Release|Any CPU.ActiveCfg = Release|Any CPU
		{699D7F50-34C7-4C4F-8CF8-FBD9BCB28201}.Release|Any CPU.Build.0 = Release|Any CPU
	EndGlobalSection
	GlobalSection(SolutionProperties) = preSolution
		HideSolutionNode = FALSE
	EndGlobalSection
	GlobalSection(ExtensibilityGlobals) = postSolution
		SolutionGuid = {72531E26-6FA5-4382-8C1B-DDFF3AE965BB}
	EndGlobalSection
EndGlobal
